
Microsoft Visual Studio Solution File, Format Version 12.00
# Visual Studio Version 17
VisualStudioVersion = 17.4.33213.308
MinimumVisualStudioVersion = 10.0.40219.1
Project("{9A19103F-16F7-4668-BE54-9A1E7A4F7556}") = "uBeacCMS", "uBeacCMS\uBeacCMS.csproj", "{012EDA0E-47B9-4D25-AD9A-EA74E035DF6C}"
EndProject
Project("{9A19103F-16F7-4668-BE54-9A1E7A4F7556}") = "uBeacCMS.Models", "uBeacCMS.Models\uBeacCMS.Models.csproj", "{7F5F7A98-15E7-49C5-B643-7DCBC1FE7071}"
EndProject
Project("{9A19103F-16F7-4668-BE54-9A1E7A4F7556}") = "uBeacCMS.Web", "uBeacCMS.Web\uBeacCMS.Web.csproj", "{05626293-29D5-4AB4-BF32-D979CFD29F7C}"
EndProject
Project("{9A19103F-16F7-4668-BE54-9A1E7A4F7556}") = "uBeacCMS.Repositories", "uBeacCMS.Repositories\uBeacCMS.Repositories.csproj", "{41F4B7C4-D67B-46E8-92D6-EA33A3B19623}"
EndProject
Project("{9A19103F-16F7-4668-BE54-9A1E7A4F7556}") = "uBeacCMS.Repositories.StaticFile", "uBeacCMS.Repositories.StaticFile\uBeacCMS.Repositories.StaticFile.csproj", "{25100535-FA4F-4153-8C14-95C74A7A7831}"
EndProject
Project("{9A19103F-16F7-4668-BE54-9A1E7A4F7556}") = "uBeacCMS.Services", "uBeacCMS.Services\uBeacCMS.Services.csproj", "{4D6BC994-CF12-4DBA-9123-41D697016059}"
EndProject
Project("{9A19103F-16F7-4668-BE54-9A1E7A4F7556}") = "uBeacCMS.Web.Components", "uBeacCMS.Web.Components\uBeacCMS.Web.Components.csproj", "{3A233CD8-DC4E-4A30-868D-3032AE7C5AAD}"
EndProject
Project("{9A19103F-16F7-4668-BE54-9A1E7A4F7556}") = "uBeacCMS.Web.Core", "uBeacCMS.Web.Core\uBeacCMS.Web.Core.csproj", "{7E52C0BB-07F3-449B-8E4A-6EAC36605798}"
EndProject
Project("{9A19103F-16F7-4668-BE54-9A1E7A4F7556}") = "Repositories", "Repositories\Repositories.csproj", "{A2451197-BD6C-407C-BE11-7A8BF87D8D43}"
EndProject
Project("{9A19103F-16F7-4668-BE54-9A1E7A4F7556}") = "Entities", "Entities\Entities.csproj", "{922F90C5-7861-49DA-9990-E2BC8563F245}"
EndProject
Project("{9A19103F-16F7-4668-BE54-9A1E7A4F7556}") = "Web.Api", "Web.Api\Web.Api.csproj", "{F27A7BEF-0D0B-4A14-9C0F-E933BA791BDC}"
EndProject
Project("{9A19103F-16F7-4668-BE54-9A1E7A4F7556}") = "Services", "Services\Services.csproj", "{52BB502E-AE8A-4123-8D57-FA62CF975695}"
EndProject
Project("{9A19103F-16F7-4668-BE54-9A1E7A4F7556}") = "Controllers", "Controllers\Controllers.csproj", "{F7E97E6A-A35E-4DA1-9ACB-1B415238CECA}"
EndProject
Project("{FAE04EC0-301F-11D3-BF4B-00C04F79EFBC}") = "Web.UI.Admin", "Web.UI.Admin\Web.UI.Admin.csproj", "{978F901F-561A-403B-9C07-8328A305E2EC}"
EndProject
Global
	GlobalSection(SolutionConfigurationPlatforms) = preSolution
		Debug|Any CPU = Debug|Any CPU
		Release|Any CPU = Release|Any CPU
	EndGlobalSection
	GlobalSection(ProjectConfigurationPlatforms) = postSolution
		{012EDA0E-47B9-4D25-AD9A-EA74E035DF6C}.Debug|Any CPU.ActiveCfg = Debug|Any CPU
		{012EDA0E-47B9-4D25-AD9A-EA74E035DF6C}.Debug|Any CPU.Build.0 = Debug|Any CPU
		{012EDA0E-47B9-4D25-AD9A-EA74E035DF6C}.Release|Any CPU.ActiveCfg = Release|Any CPU
		{012EDA0E-47B9-4D25-AD9A-EA74E035DF6C}.Release|Any CPU.Build.0 = Release|Any CPU
		{7F5F7A98-15E7-49C5-B643-7DCBC1FE7071}.Debug|Any CPU.ActiveCfg = Debug|Any CPU
		{7F5F7A98-15E7-49C5-B643-7DCBC1FE7071}.Debug|Any CPU.Build.0 = Debug|Any CPU
		{7F5F7A98-15E7-49C5-B643-7DCBC1FE7071}.Release|Any CPU.ActiveCfg = Release|Any CPU
		{7F5F7A98-15E7-49C5-B643-7DCBC1FE7071}.Release|Any CPU.Build.0 = Release|Any CPU
		{05626293-29D5-4AB4-BF32-D979CFD29F7C}.Debug|Any CPU.ActiveCfg = Debug|Any CPU
		{05626293-29D5-4AB4-BF32-D979CFD29F7C}.Debug|Any CPU.Build.0 = Debug|Any CPU
		{05626293-29D5-4AB4-BF32-D979CFD29F7C}.Release|Any CPU.ActiveCfg = Release|Any CPU
		{05626293-29D5-4AB4-BF32-D979CFD29F7C}.Release|Any CPU.Build.0 = Release|Any CPU
		{41F4B7C4-D67B-46E8-92D6-EA33A3B19623}.Debug|Any CPU.ActiveCfg = Debug|Any CPU
		{41F4B7C4-D67B-46E8-92D6-EA33A3B19623}.Debug|Any CPU.Build.0 = Debug|Any CPU
		{41F4B7C4-D67B-46E8-92D6-EA33A3B19623}.Release|Any CPU.ActiveCfg = Release|Any CPU
		{41F4B7C4-D67B-46E8-92D6-EA33A3B19623}.Release|Any CPU.Build.0 = Release|Any CPU
		{25100535-FA4F-4153-8C14-95C74A7A7831}.Debug|Any CPU.ActiveCfg = Debug|Any CPU
		{25100535-FA4F-4153-8C14-95C74A7A7831}.Debug|Any CPU.Build.0 = Debug|Any CPU
		{25100535-FA4F-4153-8C14-95C74A7A7831}.Release|Any CPU.ActiveCfg = Release|Any CPU
		{25100535-FA4F-4153-8C14-95C74A7A7831}.Release|Any CPU.Build.0 = Release|Any CPU
		{4D6BC994-CF12-4DBA-9123-41D697016059}.Debug|Any CPU.ActiveCfg = Debug|Any CPU
		{4D6BC994-CF12-4DBA-9123-41D697016059}.Debug|Any CPU.Build.0 = Debug|Any CPU
		{4D6BC994-CF12-4DBA-9123-41D697016059}.Release|Any CPU.ActiveCfg = Release|Any CPU
		{4D6BC994-CF12-4DBA-9123-41D697016059}.Release|Any CPU.Build.0 = Release|Any CPU
		{3A233CD8-DC4E-4A30-868D-3032AE7C5AAD}.Debug|Any CPU.ActiveCfg = Debug|Any CPU
		{3A233CD8-DC4E-4A30-868D-3032AE7C5AAD}.Debug|Any CPU.Build.0 = Debug|Any CPU
		{3A233CD8-DC4E-4A30-868D-3032AE7C5AAD}.Release|Any CPU.ActiveCfg = Release|Any CPU
		{3A233CD8-DC4E-4A30-868D-3032AE7C5AAD}.Release|Any CPU.Build.0 = Release|Any CPU
		{7E52C0BB-07F3-449B-8E4A-6EAC36605798}.Debug|Any CPU.ActiveCfg = Debug|Any CPU
		{7E52C0BB-07F3-449B-8E4A-6EAC36605798}.Debug|Any CPU.Build.0 = Debug|Any CPU
		{7E52C0BB-07F3-449B-8E4A-6EAC36605798}.Release|Any CPU.ActiveCfg = Release|Any CPU
		{7E52C0BB-07F3-449B-8E4A-6EAC36605798}.Release|Any CPU.Build.0 = Release|Any CPU
		{A2451197-BD6C-407C-BE11-7A8BF87D8D43}.Debug|Any CPU.ActiveCfg = Debug|Any CPU
		{A2451197-BD6C-407C-BE11-7A8BF87D8D43}.Debug|Any CPU.Build.0 = Debug|Any CPU
		{A2451197-BD6C-407C-BE11-7A8BF87D8D43}.Release|Any CPU.ActiveCfg = Release|Any CPU
		{A2451197-BD6C-407C-BE11-7A8BF87D8D43}.Release|Any CPU.Build.0 = Release|Any CPU
		{922F90C5-7861-49DA-9990-E2BC8563F245}.Debug|Any CPU.ActiveCfg = Debug|Any CPU
		{922F90C5-7861-49DA-9990-E2BC8563F245}.Debug|Any CPU.Build.0 = Debug|Any CPU
		{922F90C5-7861-49DA-9990-E2BC8563F245}.Release|Any CPU.ActiveCfg = Release|Any CPU
		{922F90C5-7861-49DA-9990-E2BC8563F245}.Release|Any CPU.Build.0 = Release|Any CPU
		{F27A7BEF-0D0B-4A14-9C0F-E933BA791BDC}.Debug|Any CPU.ActiveCfg = Debug|Any CPU
		{F27A7BEF-0D0B-4A14-9C0F-E933BA791BDC}.Debug|Any CPU.Build.0 = Debug|Any CPU
		{F27A7BEF-0D0B-4A14-9C0F-E933BA791BDC}.Release|Any CPU.ActiveCfg = Release|Any CPU
		{F27A7BEF-0D0B-4A14-9C0F-E933BA791BDC}.Release|Any CPU.Build.0 = Release|Any CPU
		{52BB502E-AE8A-4123-8D57-FA62CF975695}.Debug|Any CPU.ActiveCfg = Debug|Any CPU
		{52BB502E-AE8A-4123-8D57-FA62CF975695}.Debug|Any CPU.Build.0 = Debug|Any CPU
		{52BB502E-AE8A-4123-8D57-FA62CF975695}.Release|Any CPU.ActiveCfg = Release|Any CPU
		{52BB502E-AE8A-4123-8D57-FA62CF975695}.Release|Any CPU.Build.0 = Release|Any CPU
		{F7E97E6A-A35E-4DA1-9ACB-1B415238CECA}.Debug|Any CPU.ActiveCfg = Debug|Any CPU
		{F7E97E6A-A35E-4DA1-9ACB-1B415238CECA}.Debug|Any CPU.Build.0 = Debug|Any CPU
		{F7E97E6A-A35E-4DA1-9ACB-1B415238CECA}.Release|Any CPU.ActiveCfg = Release|Any CPU
		{F7E97E6A-A35E-4DA1-9ACB-1B415238CECA}.Release|Any CPU.Build.0 = Release|Any CPU
		{978F901F-561A-403B-9C07-8328A305E2EC}.Debug|Any CPU.ActiveCfg = Debug|Any CPU
		{978F901F-561A-403B-9C07-8328A305E2EC}.Debug|Any CPU.Build.0 = Debug|Any CPU
		{978F901F-561A-403B-9C07-8328A305E2EC}.Release|Any CPU.ActiveCfg = Release|Any CPU
		{978F901F-561A-403B-9C07-8328A305E2EC}.Release|Any CPU.Build.0 = Release|Any CPU
	EndGlobalSection
	GlobalSection(SolutionProperties) = preSolution
		HideSolutionNode = FALSE
	EndGlobalSection
	GlobalSection(ExtensibilityGlobals) = postSolution
		SolutionGuid = {7EC69160-E07F-478F-A09E-842F82D762E9}
	EndGlobalSection
EndGlobal
